
Microsoft Visual Studio Solution File, Format Version 12.00
# Visual Studio Version 16
VisualStudioVersion = 16.0.29418.71
MinimumVisualStudioVersion = 10.0.40219.1
Project("{9A19103F-16F7-4668-BE54-9A1E7A4F7556}") = "TextUtils", "TextUtils.csproj", "{A7881861-E059-4C52-A9CD-89A2E118DFD7}"
EndProject
Global
	GlobalSection(SolutionConfigurationPlatforms) = preSolution
		Debug|Any CPU = Debug|Any CPU
		Release|Any CPU = Release|Any CPU
	EndGlobalSection
	GlobalSection(ProjectConfigurationPlatforms) = postSolution
		{A7881861-E059-4C52-A9CD-89A2E118DFD7}.Debug|Any CPU.ActiveCfg = Debug|Any CPU
		{A7881861-E059-4C52-A9CD-89A2E118DFD7}.Debug|Any CPU.Build.0 = Debug|Any CPU
		{A7881861-E059-4C52-A9CD-89A2E118DFD7}.Release|Any CPU.ActiveCfg = Release|Any CPU
		{A7881861-E059-4C52-A9CD-89A2E118DFD7}.Release|Any CPU.Build.0 = Release|Any CPU
	EndGlobalSection
	GlobalSection(SolutionProperties) = preSolution
		HideSolutionNode = FALSE
	EndGlobalSection
	GlobalSection(ExtensibilityGlobals) = postSolution
		SolutionGuid = {B745AEAB-D249-4631-ABCA-C7676AE69E2A}
	EndGlobalSection
EndGlobal
